// !$*UTF8*$!
{
	archiveVersion = 1;
	classes = {
	};
	objectVersion = 56;
	objects = {

/* Begin PBXBuildFile section */
		03E156882DA49A310019926C /* spotifyApp.swift in Sources */ = {isa = PBXBuildFile; fileRef = 03E156872DA49A310019926C /* spotifyApp.swift */; };
		03E1568A2DA49A310019926C /* ContentView.swift in Sources */ = {isa = PBXBuildFile; fileRef = 03E156892DA49A310019926C /* ContentView.swift */; };
		03E1568C2DA49A330019926C /* Assets.xcassets in Resources */ = {isa = PBXBuildFile; fileRef = 03E1568B2DA49A330019926C /* Assets.xcassets */; };
		03E1568F2DA49A330019926C /* Preview Assets.xcassets in Resources */ = {isa = PBXBuildFile; fileRef = 03E1568E2DA49A330019926C /* Preview Assets.xcassets */; };
		03E156992DA49A330019926C /* spotifyTests.swift in Sources */ = {isa = PBXBuildFile; fileRef = 03E156982DA49A330019926C /* spotifyTests.swift */; };
		03E156A32DA49A330019926C /* spotifyUITests.swift in Sources */ = {isa = PBXBuildFile; fileRef = 03E156A22DA49A330019926C /* spotifyUITests.swift */; };
		03E156A52DA49A330019926C /* spotifyUITestsLaunchTests.swift in Sources */ = {isa = PBXBuildFile; fileRef = 03E156A42DA49A330019926C /* spotifyUITestsLaunchTests.swift */; };
		03E156B22DA49A580019926C /* musi1.swift in Sources */ = {isa = PBXBuildFile; fileRef = 03E156B12DA49A580019926C /* musi1.swift */; };
		03E156B62DA4A9770019926C /* Tab.swift in Sources */ = {isa = PBXBuildFile; fileRef = 03E156B52DA4A9770019926C /* Tab.swift */; };
		03E156B82DA4AD9F0019926C /* playlists.swift in Sources */ = {isa = PBXBuildFile; fileRef = 03E156B72DA4AD9F0019926C /* playlists.swift */; };
/* End PBXBuildFile section */

/* Begin PBXContainerItemProxy section */
		03E156952DA49A330019926C /* PBXContainerItemProxy */ = {
			isa = PBXContainerItemProxy;
			containerPortal = 03E1567C2DA49A310019926C /* Project object */;
			proxyType = 1;
			remoteGlobalIDString = 03E156832DA49A310019926C;
			remoteInfo = spotify;
		};
		03E1569F2DA49A330019926C /* PBXContainerItemProxy */ = {
			isa = PBXContainerItemProxy;
			containerPortal = 03E1567C2DA49A310019926C /* Project object */;
			proxyType = 1;
			remoteGlobalIDString = 03E156832DA49A310019926C;
			remoteInfo = spotify;
		};
/* End PBXContainerItemProxy section */

/* Begin PBXFileReference section */
		03E156842DA49A310019926C /* spotify.app */ = {isa = PBXFileReference; explicitFileType = wrapper.application; includeInIndex = 0; path = spotify.app; sourceTree = BUILT_PRODUCTS_DIR; };
		03E156872DA49A310019926C /* spotifyApp.swift */ = {isa = PBXFileReference; lastKnownFileType = sourcecode.swift; path = spotifyApp.swift; sourceTree = "<group>"; };
		03E156892DA49A310019926C /* ContentView.swift */ = {isa = PBXFileReference; lastKnownFileType = sourcecode.swift; path = ContentView.swift; sourceTree = "<group>"; };
		03E1568B2DA49A330019926C /* Assets.xcassets */ = {isa = PBXFileReference; lastKnownFileType = folder.assetcatalog; path = Assets.xcassets; sourceTree = "<group>"; };
		03E1568E2DA49A330019926C /* Preview Assets.xcassets */ = {isa = PBXFileReference; lastKnownFileType = folder.assetcatalog; path = "Preview Assets.xcassets"; sourceTree = "<group>"; };
		03E156942DA49A330019926C /* spotifyTests.xctest */ = {isa = PBXFileReference; explicitFileType = wrapper.cfbundle; includeInIndex = 0; path = spotifyTests.xctest; sourceTree = BUILT_PRODUCTS_DIR; };
		03E156982DA49A330019926C /* spotifyTests.swift */ = {isa = PBXFileReference; lastKnownFileType = sourcecode.swift; path = spotifyTests.swift; sourceTree = "<group>"; };
		03E1569E2DA49A330019926C /* spotifyUITests.xctest */ = {isa = PBXFileReference; explicitFileType = wrapper.cfbundle; includeInIndex = 0; path = spotifyUITests.xctest; sourceTree = BUILT_PRODUCTS_DIR; };
		03E156A22DA49A330019926C /* spotifyUITests.swift */ = {isa = PBXFileReference; lastKnownFileType = sourcecode.swift; path = spotifyUITests.swift; sourceTree = "<group>"; };
		03E156A42DA49A330019926C /* spotifyUITestsLaunchTests.swift */ = {isa = PBXFileReference; lastKnownFileType = sourcecode.swift; path = spotifyUITestsLaunchTests.swift; sourceTree = "<group>"; };
		03E156B12DA49A580019926C /* musi1.swift */ = {isa = PBXFileReference; lastKnownFileType = sourcecode.swift; path = musi1.swift; sourceTree = "<group>"; };
		03E156B52DA4A9770019926C /* Tab.swift */ = {isa = PBXFileReference; lastKnownFileType = sourcecode.swift; path = Tab.swift; sourceTree = "<group>"; };
		03E156B72DA4AD9F0019926C /* playlists.swift */ = {isa = PBXFileReference; lastKnownFileType = sourcecode.swift; path = playlists.swift; sourceTree = "<group>"; };
/* End PBXFileReference section */

/* Begin PBXFrameworksBuildPhase section */
		03E156812DA49A310019926C /* Frameworks */ = {
			isa = PBXFrameworksBuildPhase;
			buildActionMask = 2147483647;
			files = (
			);
			runOnlyForDeploymentPostprocessing = 0;
		};
		03E156912DA49A330019926C /* Frameworks */ = {
			isa = PBXFrameworksBuildPhase;
			buildActionMask = 2147483647;
			files = (
			);
			runOnlyForDeploymentPostprocessing = 0;
		};
		03E1569B2DA49A330019926C /* Frameworks */ = {
			isa = PBXFrameworksBuildPhase;
			buildActionMask = 2147483647;
			files = (
			);
			runOnlyForDeploymentPostprocessing = 0;
		};
/* End PBXFrameworksBuildPhase section */

/* Begin PBXGroup section */
		03E1567B2DA49A310019926C = {
			isa = PBXGroup;
			children = (
				03E156862DA49A310019926C /* spotify */,
				03E156972DA49A330019926C /* spotifyTests */,
				03E156A12DA49A330019926C /* spotifyUITests */,
				03E156852DA49A310019926C /* Products */,
			);
			sourceTree = "<group>";
		};
		03E156852DA49A310019926C /* Products */ = {
			isa = PBXGroup;
			children = (
				03E156842DA49A310019926C /* spotify.app */,
				03E156942DA49A330019926C /* spotifyTests.xctest */,
				03E1569E2DA49A330019926C /* spotifyUITests.xctest */,
			);
			name = Products;
			sourceTree = "<group>";
		};
		03E156862DA49A310019926C /* spotify */ = {
			isa = PBXGroup;
			children = (
				03E156872DA49A310019926C /* spotifyApp.swift */,
				03E156892DA49A310019926C /* ContentView.swift */,
				03E1568B2DA49A330019926C /* Assets.xcassets */,
				03E1568D2DA49A330019926C /* Preview Content */,
				03E156B12DA49A580019926C /* musi1.swift */,
				03E156B72DA4AD9F0019926C /* playlists.swift */,
				03E156B52DA4A9770019926C /* Tab.swift */,
			);
			path = spotify;
			sourceTree = "<group>";
		};
		03E1568D2DA49A330019926C /* Preview Content */ = {
			isa = PBXGroup;
			children = (
				03E1568E2DA49A330019926C /* Preview Assets.xcassets */,
			);
			path = "Preview Content";
			sourceTree = "<group>";
		};
		03E156972DA49A330019926C /* spotifyTests */ = {
			isa = PBXGroup;
			children = (
				03E156982DA49A330019926C /* spotifyTests.swift */,
			);
			path = spotifyTests;
			sourceTree = "<group>";
		};
		03E156A12DA49A330019926C /* spotifyUITests */ = {
			isa = PBXGroup;
			children = (
				03E156A22DA49A330019926C /* spotifyUITests.swift */,
				03E156A42DA49A330019926C /* spotifyUITestsLaunchTests.swift */,
			);
			path = spotifyUITests;
			sourceTree = "<group>";
		};
/* End PBXGroup section */

/* Begin PBXNativeTarget section */
		03E156832DA49A310019926C /* spotify */ = {
			isa = PBXNativeTarget;
			buildConfigurationList = 03E156A82DA49A330019926C /* Build configuration list for PBXNativeTarget "spotify" */;
			buildPhases = (
				03E156802DA49A310019926C /* Sources */,
				03E156812DA49A310019926C /* Frameworks */,
				03E156822DA49A310019926C /* Resources */,
			);
			buildRules = (
			);
			dependencies = (
			);
			name = spotify;
			productName = spotify;
			productReference = 03E156842DA49A310019926C /* spotify.app */;
			productType = "com.apple.product-type.application";
		};
		03E156932DA49A330019926C /* spotifyTests */ = {
			isa = PBXNativeTarget;
			buildConfigurationList = 03E156AB2DA49A330019926C /* Build configuration list for PBXNativeTarget "spotifyTests" */;
			buildPhases = (
				03E156902DA49A330019926C /* Sources */,
				03E156912DA49A330019926C /* Frameworks */,
				03E156922DA49A330019926C /* Resources */,
			);
			buildRules = (
			);
			dependencies = (
				03E156962DA49A330019926C /* PBXTargetDependency */,
			);
			name = spotifyTests;
			productName = spotifyTests;
			productReference = 03E156942DA49A330019926C /* spotifyTests.xctest */;
			productType = "com.apple.product-type.bundle.unit-test";
		};
		03E1569D2DA49A330019926C /* spotifyUITests */ = {
			isa = PBXNativeTarget;
			buildConfigurationList = 03E156AE2DA49A330019926C /* Build configuration list for PBXNativeTarget "spotifyUITests" */;
			buildPhases = (
				03E1569A2DA49A330019926C /* Sources */,
				03E1569B2DA49A330019926C /* Frameworks */,
				03E1569C2DA49A330019926C /* Resources */,
			);
			buildRules = (
			);
			dependencies = (
				03E156A02DA49A330019926C /* PBXTargetDependency */,
			);
			name = spotifyUITests;
			productName = spotifyUITests;
			productReference = 03E1569E2DA49A330019926C /* spotifyUITests.xctest */;
			productType = "com.apple.product-type.bundle.ui-testing";
		};
/* End PBXNativeTarget section */

/* Begin PBXProject section */
		03E1567C2DA49A310019926C /* Project object */ = {
			isa = PBXProject;
			attributes = {
				BuildIndependentTargetsInParallel = 1;
				LastSwiftUpdateCheck = 1540;
				LastUpgradeCheck = 1540;
				TargetAttributes = {
					03E156832DA49A310019926C = {
						CreatedOnToolsVersion = 15.4;
					};
					03E156932DA49A330019926C = {
						CreatedOnToolsVersion = 15.4;
						TestTargetID = 03E156832DA49A310019926C;
					};
					03E1569D2DA49A330019926C = {
						CreatedOnToolsVersion = 15.4;
						TestTargetID = 03E156832DA49A310019926C;
					};
				};
			};
			buildConfigurationList = 03E1567F2DA49A310019926C /* Build configuration list for PBXProject "spotify" */;
			compatibilityVersion = "Xcode 14.0";
			developmentRegion = en;
			hasScannedForEncodings = 0;
			knownRegions = (
				en,
				Base,
			);
			mainGroup = 03E1567B2DA49A310019926C;
			productRefGroup = 03E156852DA49A310019926C /* Products */;
			projectDirPath = "";
			projectRoot = "";
			targets = (
				03E156832DA49A310019926C /* spotify */,
				03E156932DA49A330019926C /* spotifyTests */,
				03E1569D2DA49A330019926C /* spotifyUITests */,
			);
		};
/* End PBXProject section */

/* Begin PBXResourcesBuildPhase section */
		03E156822DA49A310019926C /* Resources */ = {
			isa = PBXResourcesBuildPhase;
			buildActionMask = 2147483647;
			files = (
				03E1568F2DA49A330019926C /* Preview Assets.xcassets in Resources */,
				03E1568C2DA49A330019926C /* Assets.xcassets in Resources */,
			);
			runOnlyForDeploymentPostprocessing = 0;
		};
		03E156922DA49A330019926C /* Resources */ = {
			isa = PBXResourcesBuildPhase;
			buildActionMask = 2147483647;
			files = (
			);
			runOnlyForDeploymentPostprocessing = 0;
		};
		03E1569C2DA49A330019926C /* Resources */ = {
			isa = PBXResourcesBuildPhase;
			buildActionMask = 2147483647;
			files = (
			);
			runOnlyForDeploymentPostprocessing = 0;
		};
/* End PBXResourcesBuildPhase section */

/* Begin PBXSourcesBuildPhase section */
		03E156802DA49A310019926C /* Sources */ = {
			isa = PBXSourcesBuildPhase;
			buildActionMask = 2147483647;
			files = (
				03E1568A2DA49A310019926C /* ContentView.swift in Sources */,
				03E156B22DA49A580019926C /* musi1.swift in Sources */,
				03E156B62DA4A9770019926C /* Tab.swift in Sources */,
				03E156B82DA4AD9F0019926C /* playlists.swift in Sources */,
				03E156882DA49A310019926C /* spotifyApp.swift in Sources */,
			);
			runOnlyForDeploymentPostprocessing = 0;
		};
		03E156902DA49A330019926C /* Sources */ = {
			isa = PBXSourcesBuildPhase;
			buildActionMask = 2147483647;
			files = (
				03E156992DA49A330019926C /* spotifyTests.swift in Sources */,
			);
			runOnlyForDeploymentPostprocessing = 0;
		};
		03E1569A2DA49A330019926C /* Sources */ = {
			isa = PBXSourcesBuildPhase;
			buildActionMask = 2147483647;
			files = (
				03E156A32DA49A330019926C /* spotifyUITests.swift in Sources */,
				03E156A52DA49A330019926C /* spotifyUITestsLaunchTests.swift in Sources */,
			);
			runOnlyForDeploymentPostprocessing = 0;
		};
/* End PBXSourcesBuildPhase section */

/* Begin PBXTargetDependency section */
		03E156962DA49A330019926C /* PBXTargetDependency */ = {
			isa = PBXTargetDependency;
			target = 03E156832DA49A310019926C /* spotify */;
			targetProxy = 03E156952DA49A330019926C /* PBXContainerItemProxy */;
		};
		03E156A02DA49A330019926C /* PBXTargetDependency */ = {
			isa = PBXTargetDependency;
			target = 03E156832DA49A310019926C /* spotify */;
			targetProxy = 03E1569F2DA49A330019926C /* PBXContainerItemProxy */;
		};
/* End PBXTargetDependency section */

/* Begin XCBuildConfiguration section */
		03E156A62DA49A330019926C /* Debug */ = {
			isa = XCBuildConfiguration;
			buildSettings = {
				ALWAYS_SEARCH_USER_PATHS = NO;
				ASSETCATALOG_COMPILER_GENERATE_SWIFT_ASSET_SYMBOL_EXTENSIONS = YES;
				CLANG_ANALYZER_NONNULL = YES;
				CLANG_ANALYZER_NUMBER_OBJECT_CONVERSION = YES_AGGRESSIVE;
				CLANG_CXX_LANGUAGE_STANDARD = "gnu++20";
				CLANG_ENABLE_MODULES = YES;
				CLANG_ENABLE_OBJC_ARC = YES;
				CLANG_ENABLE_OBJC_WEAK = YES;
				CLANG_WARN_BLOCK_CAPTURE_AUTORELEASING = YES;
				CLANG_WARN_BOOL_CONVERSION = YES;
				CLANG_WARN_COMMA = YES;
				CLANG_WARN_CONSTANT_CONVERSION = YES;
				CLANG_WARN_DEPRECATED_OBJC_IMPLEMENTATIONS = YES;
				CLANG_WARN_DIRECT_OBJC_ISA_USAGE = YES_ERROR;
				CLANG_WARN_DOCUMENTATION_COMMENTS = YES;
				CLANG_WARN_EMPTY_BODY = YES;
				CLANG_WARN_ENUM_CONVERSION = YES;
				CLANG_WARN_INFINITE_RECURSION = YES;
				CLANG_WARN_INT_CONVERSION = YES;
				CLANG_WARN_NON_LITERAL_NULL_CONVERSION = YES;
				CLANG_WARN_OBJC_IMPLICIT_RETAIN_SELF = YES;
				CLANG_WARN_OBJC_LITERAL_CONVERSION = YES;
				CLANG_WARN_OBJC_ROOT_CLASS = YES_ERROR;
				CLANG_WARN_QUOTED_INCLUDE_IN_FRAMEWORK_HEADER = YES;
				CLANG_WARN_RANGE_LOOP_ANALYSIS = YES;
				CLANG_WARN_STRICT_PROTOTYPES = YES;
				CLANG_WARN_SUSPICIOUS_MOVE = YES;
				CLANG_WARN_UNGUARDED_AVAILABILITY = YES_AGGRESSIVE;
				CLANG_WARN_UNREACHABLE_CODE = YES;
				CLANG_WARN__DUPLICATE_METHOD_MATCH = YES;
				COPY_PHASE_STRIP = NO;
				DEBUG_INFORMATION_FORMAT = dwarf;
				ENABLE_STRICT_OBJC_MSGSEND = YES;
				ENABLE_TESTABILITY = YES;
				ENABLE_USER_SCRIPT_SANDBOXING = YES;
				GCC_C_LANGUAGE_STANDARD = gnu17;
				GCC_DYNAMIC_NO_PIC = NO;
				GCC_NO_COMMON_BLOCKS = YES;
				GCC_OPTIMIZATION_LEVEL = 0;
				GCC_PREPROCESSOR_DEFINITIONS = (
					"DEBUG=1",
					"$(inherited)",
				);
				GCC_WARN_64_TO_32_BIT_CONVERSION = YES;
				GCC_WARN_ABOUT_RETURN_TYPE = YES_ERROR;
				GCC_WARN_UNDECLARED_SELECTOR = YES;
				GCC_WARN_UNINITIALIZED_AUTOS = YES_AGGRESSIVE;
				GCC_WARN_UNUSED_FUNCTION = YES;
				GCC_WARN_UNUSED_VARIABLE = YES;
				IPHONEOS_DEPLOYMENT_TARGET = 17.5;
				LOCALIZATION_PREFERS_STRING_CATALOGS = YES;
				MTL_ENABLE_DEBUG_INFO = INCLUDE_SOURCE;
				MTL_FAST_MATH = YES;
				ONLY_ACTIVE_ARCH = YES;
				SDKROOT = iphoneos;
				SWIFT_ACTIVE_COMPILATION_CONDITIONS = "DEBUG $(inherited)";
				SWIFT_OPTIMIZATION_LEVEL = "-Onone";
			};
			name = Debug;
		};
		03E156A72DA49A330019926C /* Release */ = {
			isa = XCBuildConfiguration;
			buildSettings = {
				ALWAYS_SEARCH_USER_PATHS = NO;
				ASSETCATALOG_COMPILER_GENERATE_SWIFT_ASSET_SYMBOL_EXTENSIONS = YES;
				CLANG_ANALYZER_NONNULL = YES;
				CLANG_ANALYZER_NUMBER_OBJECT_CONVERSION = YES_AGGRESSIVE;
				CLANG_CXX_LANGUAGE_STANDARD = "gnu++20";
				CLANG_ENABLE_MODULES = YES;
				CLANG_ENABLE_OBJC_ARC = YES;
				CLANG_ENABLE_OBJC_WEAK = YES;
				CLANG_WARN_BLOCK_CAPTURE_AUTORELEASING = YES;
				CLANG_WARN_BOOL_CONVERSION = YES;
				CLANG_WARN_COMMA = YES;
				CLANG_WARN_CONSTANT_CONVERSION = YES;
				CLANG_WARN_DEPRECATED_OBJC_IMPLEMENTATIONS = YES;
				CLANG_WARN_DIRECT_OBJC_ISA_USAGE = YES_ERROR;
				CLANG_WARN_DOCUMENTATION_COMMENTS = YES;
				CLANG_WARN_EMPTY_BODY = YES;
				CLANG_WARN_ENUM_CONVERSION = YES;
				CLANG_WARN_INFINITE_RECURSION = YES;
				CLANG_WARN_INT_CONVERSION = YES;
				CLANG_WARN_NON_LITERAL_NULL_CONVERSION = YES;
				CLANG_WARN_OBJC_IMPLICIT_RETAIN_SELF = YES;
				CLANG_WARN_OBJC_LITERAL_CONVERSION = YES;
				CLANG_WARN_OBJC_ROOT_CLASS = YES_ERROR;
				CLANG_WARN_QUOTED_INCLUDE_IN_FRAMEWORK_HEADER = YES;
				CLANG_WARN_RANGE_LOOP_ANALYSIS = YES;
				CLANG_WARN_STRICT_PROTOTYPES = YES;
				CLANG_WARN_SUSPICIOUS_MOVE = YES;
				CLANG_WARN_UNGUARDED_AVAILABILITY = YES_AGGRESSIVE;
				CLANG_WARN_UNREACHABLE_CODE = YES;
				CLANG_WARN__DUPLICATE_METHOD_MATCH = YES;
				COPY_PHASE_STRIP = NO;
				DEBUG_INFORMATION_FORMAT = "dwarf-with-dsym";
				ENABLE_NS_ASSERTIONS = NO;
				ENABLE_STRICT_OBJC_MSGSEND = YES;
				ENABLE_USER_SCRIPT_SANDBOXING = YES;
				GCC_C_LANGUAGE_STANDARD = gnu17;
				GCC_NO_COMMON_BLOCKS = YES;
				GCC_WARN_64_TO_32_BIT_CONVERSION = YES;
				GCC_WARN_ABOUT_RETURN_TYPE = YES_ERROR;
				GCC_WARN_UNDECLARED_SELECTOR = YES;
				GCC_WARN_UNINITIALIZED_AUTOS = YES_AGGRESSIVE;
				GCC_WARN_UNUSED_FUNCTION = YES;
				GCC_WARN_UNUSED_VARIABLE = YES;
				IPHONEOS_DEPLOYMENT_TARGET = 17.5;
				LOCALIZATION_PREFERS_STRING_CATALOGS = YES;
				MTL_ENABLE_DEBUG_INFO = NO;
				MTL_FAST_MATH = YES;
				SDKROOT = iphoneos;
				SWIFT_COMPILATION_MODE = wholemodule;
				VALIDATE_PRODUCT = YES;
			};
			name = Release;
		};
		03E156A92DA49A330019926C /* Debug */ = {
			isa = XCBuildConfiguration;
			buildSettings = {
				ASSETCATALOG_COMPILER_APPICON_NAME = AppIcon;
				ASSETCATALOG_COMPILER_GLOBAL_ACCENT_COLOR_NAME = AccentColor;
				CODE_SIGN_STYLE = Automatic;
				CURRENT_PROJECT_VERSION = 1;
				DEVELOPMENT_ASSET_PATHS = "\"spotify/Preview Content\"";
				ENABLE_PREVIEWS = YES;
				GENERATE_INFOPLIST_FILE = YES;
				INFOPLIST_KEY_UIApplicationSceneManifest_Generation = YES;
				INFOPLIST_KEY_UIApplicationSupportsIndirectInputEvents = YES;
				INFOPLIST_KEY_UILaunchScreen_Generation = YES;
				INFOPLIST_KEY_UISupportedInterfaceOrientations_iPad = "UIInterfaceOrientationPortrait UIInterfaceOrientationPortraitUpsideDown UIInterfaceOrientationLandscapeLeft UIInterfaceOrientationLandscapeRight";
				INFOPLIST_KEY_UISupportedInterfaceOrientations_iPhone = "UIInterfaceOrientationPortrait UIInterfaceOrientationLandscapeLeft UIInterfaceOrientationLandscapeRight";
				LD_RUNPATH_SEARCH_PATHS = (
					"$(inherited)",
					"@executable_path/Frameworks",
				);
				MARKETING_VERSION = 1.0;
				PRODUCT_BUNDLE_IDENTIFIER = "-.spotify";
				PRODUCT_NAME = "$(TARGET_NAME)";
				SWIFT_EMIT_LOC_STRINGS = YES;
				SWIFT_VERSION = 5.0;
				TARGETED_DEVICE_FAMILY = "1,2";
			};
			name = Debug;
		};
		03E156AA2DA49A330019926C /* Release */ = {
			isa = XCBuildConfiguration;
			buildSettings = {
				ASSETCATALOG_COMPILER_APPICON_NAME = AppIcon;
				ASSETCATALOG_COMPILER_GLOBAL_ACCENT_COLOR_NAME = AccentColor;
				CODE_SIGN_STYLE = Automatic;
				CURRENT_PROJECT_VERSION = 1;
				DEVELOPMENT_ASSET_PATHS = "\"spotify/Preview Content\"";
				ENABLE_PREVIEWS = YES;
				GENERATE_INFOPLIST_FILE = YES;
				INFOPLIST_KEY_UIApplicationSceneManifest_Generation = YES;
				INFOPLIST_KEY_UIApplicationSupportsIndirectInputEvents = YES;
				INFOPLIST_KEY_UILaunchScreen_Generation = YES;
				INFOPLIST_KEY_UISupportedInterfaceOrientations_iPad = "UIInterfaceOrientationPortrait UIInterfaceOrientationPortraitUpsideDown UIInterfaceOrientationLandscapeLeft UIInterfaceOrientationLandscapeRight";
				INFOPLIST_KEY_UISupportedInterfaceOrientations_iPhone = "UIInterfaceOrientationPortrait UIInterfaceOrientationLandscapeLeft UIInterfaceOrientationLandscapeRight";
				LD_RUNPATH_SEARCH_PATHS = (
					"$(inherited)",
					"@executable_path/Frameworks",
				);
				MARKETING_VERSION = 1.0;
				PRODUCT_BUNDLE_IDENTIFIER = "-.spotify";
				PRODUCT_NAME = "$(TARGET_NAME)";
				SWIFT_EMIT_LOC_STRINGS = YES;
				SWIFT_VERSION = 5.0;
				TARGETED_DEVICE_FAMILY = "1,2";
			};
			name = Release;
		};
		03E156AC2DA49A330019926C /* Debug */ = {
			isa = XCBuildConfiguration;
			buildSettings = {
				ALWAYS_EMBED_SWIFT_STANDARD_LIBRARIES = YES;
				BUNDLE_LOADER = "$(TEST_HOST)";
				CODE_SIGN_STYLE = Automatic;
				CURRENT_PROJECT_VERSION = 1;
				GENERATE_INFOPLIST_FILE = YES;
				IPHONEOS_DEPLOYMENT_TARGET = 17.5;
				MARKETING_VERSION = 1.0;
				PRODUCT_BUNDLE_IDENTIFIER = "-.spotifyTests";
				PRODUCT_NAME = "$(TARGET_NAME)";
				SWIFT_EMIT_LOC_STRINGS = NO;
				SWIFT_VERSION = 5.0;
				TARGETED_DEVICE_FAMILY = "1,2";
				TEST_HOST = "$(BUILT_PRODUCTS_DIR)/spotify.app/$(BUNDLE_EXECUTABLE_FOLDER_PATH)/spotify";
			};
			name = Debug;
		};
		03E156AD2DA49A330019926C /* Release */ = {
			isa = XCBuildConfiguration;
			buildSettings = {
				ALWAYS_EMBED_SWIFT_STANDARD_LIBRARIES = YES;
				BUNDLE_LOADER = "$(TEST_HOST)";
				CODE_SIGN_STYLE = Automatic;
				CURRENT_PROJECT_VERSION = 1;
				GENERATE_INFOPLIST_FILE = YES;
				IPHONEOS_DEPLOYMENT_TARGET = 17.5;
				MARKETING_VERSION = 1.0;
				PRODUCT_BUNDLE_IDENTIFIER = "-.spotifyTests";
				PRODUCT_NAME = "$(TARGET_NAME)";
				SWIFT_EMIT_LOC_STRINGS = NO;
				SWIFT_VERSION = 5.0;
				TARGETED_DEVICE_FAMILY = "1,2";
				TEST_HOST = "$(BUILT_PRODUCTS_DIR)/spotify.app/$(BUNDLE_EXECUTABLE_FOLDER_PATH)/spotify";
			};
			name = Release;
		};
		03E156AF2DA49A330019926C /* Debug */ = {
			isa = XCBuildConfiguration;
			buildSettings = {
				ALWAYS_EMBED_SWIFT_STANDARD_LIBRARIES = YES;
				CODE_SIGN_STYLE = Automatic;
				CURRENT_PROJECT_VERSION = 1;
				GENERATE_INFOPLIST_FILE = YES;
				MARKETING_VERSION = 1.0;
				PRODUCT_BUNDLE_IDENTIFIER = "-.spotifyUITests";
				PRODUCT_NAME = "$(TARGET_NAME)";
				SWIFT_EMIT_LOC_STRINGS = NO;
				SWIFT_VERSION = 5.0;
				TARGETED_DEVICE_FAMILY = "1,2";
				TEST_TARGET_NAME = spotify;
			};
			name = Debug;
		};
		03E156B02DA49A330019926C /* Release */ = {
			isa = XCBuildConfiguration;
			buildSettings = {
				ALWAYS_EMBED_SWIFT_STANDARD_LIBRARIES = YES;
				CODE_SIGN_STYLE = Automatic;
				CURRENT_PROJECT_VERSION = 1;
				GENERATE_INFOPLIST_FILE = YES;
				MARKETING_VERSION = 1.0;
				PRODUCT_BUNDLE_IDENTIFIER = "-.spotifyUITests";
				PRODUCT_NAME = "$(TARGET_NAME)";
				SWIFT_EMIT_LOC_STRINGS = NO;
				SWIFT_VERSION = 5.0;
				TARGETED_DEVICE_FAMILY = "1,2";
				TEST_TARGET_NAME = spotify;
			};
			name = Release;
		};
/* End XCBuildConfiguration section */

/* Begin XCConfigurationList section */
		03E1567F2DA49A310019926C /* Build configuration list for PBXProject "spotify" */ = {
			isa = XCConfigurationList;
			buildConfigurations = (
				03E156A62DA49A330019926C /* Debug */,
				03E156A72DA49A330019926C /* Release */,
			);
			defaultConfigurationIsVisible = 0;
			defaultConfigurationName = Release;
		};
		03E156A82DA49A330019926C /* Build configuration list for PBXNativeTarget "spotify" */ = {
			isa = XCConfigurationList;
			buildConfigurations = (
				03E156A92DA49A330019926C /* Debug */,
				03E156AA2DA49A330019926C /* Release */,
			);
			defaultConfigurationIsVisible = 0;
			defaultConfigurationName = Release;
		};
		03E156AB2DA49A330019926C /* Build configuration list for PBXNativeTarget "spotifyTests" */ = {
			isa = XCConfigurationList;
			buildConfigurations = (
				03E156AC2DA49A330019926C /* Debug */,
				03E156AD2DA49A330019926C /* Release */,
			);
			defaultConfigurationIsVisible = 0;
			defaultConfigurationName = Release;
		};
		03E156AE2DA49A330019926C /* Build configuration list for PBXNativeTarget "spotifyUITests" */ = {
			isa = XCConfigurationList;
			buildConfigurations = (
				03E156AF2DA49A330019926C /* Debug */,
				03E156B02DA49A330019926C /* Release */,
			);
			defaultConfigurationIsVisible = 0;
			defaultConfigurationName = Release;
		};
/* End XCConfigurationList section */
	};
	rootObject = 03E1567C2DA49A310019926C /* Project object */;
}
