// !$*UTF8*$!
{
	archiveVersion = 1;
	classes = {
	};
	objectVersion = 56;
	objects = {

/* Begin PBXBuildFile section */
		03B0AB042DA0B33200EB7F87 /* Dia1App.swift in Sources */ = {isa = PBXBuildFile; fileRef = 03B0AB032DA0B33200EB7F87 /* Dia1App.swift */; };
		03B0AB062DA0B33200EB7F87 /* Dia1Document.swift in Sources */ = {isa = PBXBuildFile; fileRef = 03B0AB052DA0B33200EB7F87 /* Dia1Document.swift */; };
		03B0AB082DA0B33200EB7F87 /* ContentView.swift in Sources */ = {isa = PBXBuildFile; fileRef = 03B0AB072DA0B33200EB7F87 /* ContentView.swift */; };
		03B0AB0A2DA0B33500EB7F87 /* Assets.xcassets in Resources */ = {isa = PBXBuildFile; fileRef = 03B0AB092DA0B33500EB7F87 /* Assets.xcassets */; };
		03B0AB0D2DA0B33500EB7F87 /* Preview Assets.xcassets in Resources */ = {isa = PBXBuildFile; fileRef = 03B0AB0C2DA0B33500EB7F87 /* Preview Assets.xcassets */; };
		03B0AB182DA0B33500EB7F87 /* Dia1Tests.swift in Sources */ = {isa = PBXBuildFile; fileRef = 03B0AB172DA0B33500EB7F87 /* Dia1Tests.swift */; };
		03B0AB222DA0B33500EB7F87 /* Dia1UITests.swift in Sources */ = {isa = PBXBuildFile; fileRef = 03B0AB212DA0B33500EB7F87 /* Dia1UITests.swift */; };
		03B0AB242DA0B33500EB7F87 /* Dia1UITestsLaunchTests.swift in Sources */ = {isa = PBXBuildFile; fileRef = 03B0AB232DA0B33500EB7F87 /* Dia1UITestsLaunchTests.swift */; };
/* End PBXBuildFile section */

/* Begin PBXContainerItemProxy section */
		03B0AB142DA0B33500EB7F87 /* PBXContainerItemProxy */ = {
			isa = PBXContainerItemProxy;
			containerPortal = 03B0AAF82DA0B33200EB7F87 /* Project object */;
			proxyType = 1;
			remoteGlobalIDString = 03B0AAFF2DA0B33200EB7F87;
			remoteInfo = Dia1;
		};
		03B0AB1E2DA0B33500EB7F87 /* PBXContainerItemProxy */ = {
			isa = PBXContainerItemProxy;
			containerPortal = 03B0AAF82DA0B33200EB7F87 /* Project object */;
			proxyType = 1;
			remoteGlobalIDString = 03B0AAFF2DA0B33200EB7F87;
			remoteInfo = Dia1;
		};
/* End PBXContainerItemProxy section */

/* Begin PBXFileReference section */
		03B0AB002DA0B33200EB7F87 /* Dia1.app */ = {isa = PBXFileReference; explicitFileType = wrapper.application; includeInIndex = 0; path = Dia1.app; sourceTree = BUILT_PRODUCTS_DIR; };
		03B0AB032DA0B33200EB7F87 /* Dia1App.swift */ = {isa = PBXFileReference; lastKnownFileType = sourcecode.swift; path = Dia1App.swift; sourceTree = "<group>"; };
		03B0AB052DA0B33200EB7F87 /* Dia1Document.swift */ = {isa = PBXFileReference; lastKnownFileType = sourcecode.swift; path = Dia1Document.swift; sourceTree = "<group>"; };
		03B0AB072DA0B33200EB7F87 /* ContentView.swift */ = {isa = PBXFileReference; lastKnownFileType = sourcecode.swift; path = ContentView.swift; sourceTree = "<group>"; };
		03B0AB092DA0B33500EB7F87 /* Assets.xcassets */ = {isa = PBXFileReference; lastKnownFileType = folder.assetcatalog; path = Assets.xcassets; sourceTree = "<group>"; };
		03B0AB0C2DA0B33500EB7F87 /* Preview Assets.xcassets */ = {isa = PBXFileReference; lastKnownFileType = folder.assetcatalog; path = "Preview Assets.xcassets"; sourceTree = "<group>"; };
		03B0AB0E2DA0B33500EB7F87 /* Info.plist */ = {isa = PBXFileReference; lastKnownFileType = text.plist.xml; path = Info.plist; sourceTree = "<group>"; };
		03B0AB132DA0B33500EB7F87 /* Dia1Tests.xctest */ = {isa = PBXFileReference; explicitFileType = wrapper.cfbundle; includeInIndex = 0; path = Dia1Tests.xctest; sourceTree = BUILT_PRODUCTS_DIR; };
		03B0AB172DA0B33500EB7F87 /* Dia1Tests.swift */ = {isa = PBXFileReference; lastKnownFileType = sourcecode.swift; path = Dia1Tests.swift; sourceTree = "<group>"; };
		03B0AB1D2DA0B33500EB7F87 /* Dia1UITests.xctest */ = {isa = PBXFileReference; explicitFileType = wrapper.cfbundle; includeInIndex = 0; path = Dia1UITests.xctest; sourceTree = BUILT_PRODUCTS_DIR; };
		03B0AB212DA0B33500EB7F87 /* Dia1UITests.swift */ = {isa = PBXFileReference; lastKnownFileType = sourcecode.swift; path = Dia1UITests.swift; sourceTree = "<group>"; };
		03B0AB232DA0B33500EB7F87 /* Dia1UITestsLaunchTests.swift */ = {isa = PBXFileReference; lastKnownFileType = sourcecode.swift; path = Dia1UITestsLaunchTests.swift; sourceTree = "<group>"; };
/* End PBXFileReference section */

/* Begin PBXFrameworksBuildPhase section */
		03B0AAFD2DA0B33200EB7F87 /* Frameworks */ = {
			isa = PBXFrameworksBuildPhase;
			buildActionMask = 2147483647;
			files = (
			);
			runOnlyForDeploymentPostprocessing = 0;
		};
		03B0AB102DA0B33500EB7F87 /* Frameworks */ = {
			isa = PBXFrameworksBuildPhase;
			buildActionMask = 2147483647;
			files = (
			);
			runOnlyForDeploymentPostprocessing = 0;
		};
		03B0AB1A2DA0B33500EB7F87 /* Frameworks */ = {
			isa = PBXFrameworksBuildPhase;
			buildActionMask = 2147483647;
			files = (
			);
			runOnlyForDeploymentPostprocessing = 0;
		};
/* End PBXFrameworksBuildPhase section */

/* Begin PBXGroup section */
		03B0AAF72DA0B33200EB7F87 = {
			isa = PBXGroup;
			children = (
				03B0AB022DA0B33200EB7F87 /* Dia1 */,
				03B0AB162DA0B33500EB7F87 /* Dia1Tests */,
				03B0AB202DA0B33500EB7F87 /* Dia1UITests */,
				03B0AB012DA0B33200EB7F87 /* Products */,
			);
			sourceTree = "<group>";
		};
		03B0AB012DA0B33200EB7F87 /* Products */ = {
			isa = PBXGroup;
			children = (
				03B0AB002DA0B33200EB7F87 /* Dia1.app */,
				03B0AB132DA0B33500EB7F87 /* Dia1Tests.xctest */,
				03B0AB1D2DA0B33500EB7F87 /* Dia1UITests.xctest */,
			);
			name = Products;
			sourceTree = "<group>";
		};
		03B0AB022DA0B33200EB7F87 /* Dia1 */ = {
			isa = PBXGroup;
			children = (
				03B0AB032DA0B33200EB7F87 /* Dia1App.swift */,
				03B0AB052DA0B33200EB7F87 /* Dia1Document.swift */,
				03B0AB072DA0B33200EB7F87 /* ContentView.swift */,
				03B0AB092DA0B33500EB7F87 /* Assets.xcassets */,
				03B0AB0E2DA0B33500EB7F87 /* Info.plist */,
				03B0AB0B2DA0B33500EB7F87 /* Preview Content */,
			);
			path = Dia1;
			sourceTree = "<group>";
		};
		03B0AB0B2DA0B33500EB7F87 /* Preview Content */ = {
			isa = PBXGroup;
			children = (
				03B0AB0C2DA0B33500EB7F87 /* Preview Assets.xcassets */,
			);
			path = "Preview Content";
			sourceTree = "<group>";
		};
		03B0AB162DA0B33500EB7F87 /* Dia1Tests */ = {
			isa = PBXGroup;
			children = (
				03B0AB172DA0B33500EB7F87 /* Dia1Tests.swift */,
			);
			path = Dia1Tests;
			sourceTree = "<group>";
		};
		03B0AB202DA0B33500EB7F87 /* Dia1UITests */ = {
			isa = PBXGroup;
			children = (
				03B0AB212DA0B33500EB7F87 /* Dia1UITests.swift */,
				03B0AB232DA0B33500EB7F87 /* Dia1UITestsLaunchTests.swift */,
			);
			path = Dia1UITests;
			sourceTree = "<group>";
		};
/* End PBXGroup section */

/* Begin PBXNativeTarget section */
		03B0AAFF2DA0B33200EB7F87 /* Dia1 */ = {
			isa = PBXNativeTarget;
			buildConfigurationList = 03B0AB272DA0B33500EB7F87 /* Build configuration list for PBXNativeTarget "Dia1" */;
			buildPhases = (
				03B0AAFC2DA0B33200EB7F87 /* Sources */,
				03B0AAFD2DA0B33200EB7F87 /* Frameworks */,
				03B0AAFE2DA0B33200EB7F87 /* Resources */,
			);
			buildRules = (
			);
			dependencies = (
			);
			name = Dia1;
			productName = Dia1;
			productReference = 03B0AB002DA0B33200EB7F87 /* Dia1.app */;
			productType = "com.apple.product-type.application";
		};
		03B0AB122DA0B33500EB7F87 /* Dia1Tests */ = {
			isa = PBXNativeTarget;
			buildConfigurationList = 03B0AB2A2DA0B33500EB7F87 /* Build configuration list for PBXNativeTarget "Dia1Tests" */;
			buildPhases = (
				03B0AB0F2DA0B33500EB7F87 /* Sources */,
				03B0AB102DA0B33500EB7F87 /* Frameworks */,
				03B0AB112DA0B33500EB7F87 /* Resources */,
			);
			buildRules = (
			);
			dependencies = (
				03B0AB152DA0B33500EB7F87 /* PBXTargetDependency */,
			);
			name = Dia1Tests;
			productName = Dia1Tests;
			productReference = 03B0AB132DA0B33500EB7F87 /* Dia1Tests.xctest */;
			productType = "com.apple.product-type.bundle.unit-test";
		};
		03B0AB1C2DA0B33500EB7F87 /* Dia1UITests */ = {
			isa = PBXNativeTarget;
			buildConfigurationList = 03B0AB2D2DA0B33500EB7F87 /* Build configuration list for PBXNativeTarget "Dia1UITests" */;
			buildPhases = (
				03B0AB192DA0B33500EB7F87 /* Sources */,
				03B0AB1A2DA0B33500EB7F87 /* Frameworks */,
				03B0AB1B2DA0B33500EB7F87 /* Resources */,
			);
			buildRules = (
			);
			dependencies = (
				03B0AB1F2DA0B33500EB7F87 /* PBXTargetDependency */,
			);
			name = Dia1UITests;
			productName = Dia1UITests;
			productReference = 03B0AB1D2DA0B33500EB7F87 /* Dia1UITests.xctest */;
			productType = "com.apple.product-type.bundle.ui-testing";
		};
/* End PBXNativeTarget section */

/* Begin PBXProject section */
		03B0AAF82DA0B33200EB7F87 /* Project object */ = {
			isa = PBXProject;
			attributes = {
				BuildIndependentTargetsInParallel = 1;
				LastSwiftUpdateCheck = 1540;
				LastUpgradeCheck = 1540;
				TargetAttributes = {
					03B0AAFF2DA0B33200EB7F87 = {
						CreatedOnToolsVersion = 15.4;
					};
					03B0AB122DA0B33500EB7F87 = {
						CreatedOnToolsVersion = 15.4;
						TestTargetID = 03B0AAFF2DA0B33200EB7F87;
					};
					03B0AB1C2DA0B33500EB7F87 = {
						CreatedOnToolsVersion = 15.4;
						TestTargetID = 03B0AAFF2DA0B33200EB7F87;
					};
				};
			};
			buildConfigurationList = 03B0AAFB2DA0B33200EB7F87 /* Build configuration list for PBXProject "Dia1" */;
			compatibilityVersion = "Xcode 14.0";
			developmentRegion = en;
			hasScannedForEncodings = 0;
			knownRegions = (
				en,
				Base,
			);
			mainGroup = 03B0AAF72DA0B33200EB7F87;
			productRefGroup = 03B0AB012DA0B33200EB7F87 /* Products */;
			projectDirPath = "";
			projectRoot = "";
			targets = (
				03B0AAFF2DA0B33200EB7F87 /* Dia1 */,
				03B0AB122DA0B33500EB7F87 /* Dia1Tests */,
				03B0AB1C2DA0B33500EB7F87 /* Dia1UITests */,
			);
		};
/* End PBXProject section */

/* Begin PBXResourcesBuildPhase section */
		03B0AAFE2DA0B33200EB7F87 /* Resources */ = {
			isa = PBXResourcesBuildPhase;
			buildActionMask = 2147483647;
			files = (
				03B0AB0D2DA0B33500EB7F87 /* Preview Assets.xcassets in Resources */,
				03B0AB0A2DA0B33500EB7F87 /* Assets.xcassets in Resources */,
			);
			runOnlyForDeploymentPostprocessing = 0;
		};
		03B0AB112DA0B33500EB7F87 /* Resources */ = {
			isa = PBXResourcesBuildPhase;
			buildActionMask = 2147483647;
			files = (
			);
			runOnlyForDeploymentPostprocessing = 0;
		};
		03B0AB1B2DA0B33500EB7F87 /* Resources */ = {
			isa = PBXResourcesBuildPhase;
			buildActionMask = 2147483647;
			files = (
			);
			runOnlyForDeploymentPostprocessing = 0;
		};
/* End PBXResourcesBuildPhase section */

/* Begin PBXSourcesBuildPhase section */
		03B0AAFC2DA0B33200EB7F87 /* Sources */ = {
			isa = PBXSourcesBuildPhase;
			buildActionMask = 2147483647;
			files = (
				03B0AB042DA0B33200EB7F87 /* Dia1App.swift in Sources */,
				03B0AB062DA0B33200EB7F87 /* Dia1Document.swift in Sources */,
				03B0AB082DA0B33200EB7F87 /* ContentView.swift in Sources */,
			);
			runOnlyForDeploymentPostprocessing = 0;
		};
		03B0AB0F2DA0B33500EB7F87 /* Sources */ = {
			isa = PBXSourcesBuildPhase;
			buildActionMask = 2147483647;
			files = (
				03B0AB182DA0B33500EB7F87 /* Dia1Tests.swift in Sources */,
			);
			runOnlyForDeploymentPostprocessing = 0;
		};
		03B0AB192DA0B33500EB7F87 /* Sources */ = {
			isa = PBXSourcesBuildPhase;
			buildActionMask = 2147483647;
			files = (
				03B0AB222DA0B33500EB7F87 /* Dia1UITests.swift in Sources */,
				03B0AB242DA0B33500EB7F87 /* Dia1UITestsLaunchTests.swift in Sources */,
			);
			runOnlyForDeploymentPostprocessing = 0;
		};
/* End PBXSourcesBuildPhase section */

/* Begin PBXTargetDependency section */
		03B0AB152DA0B33500EB7F87 /* PBXTargetDependency */ = {
			isa = PBXTargetDependency;
			target = 03B0AAFF2DA0B33200EB7F87 /* Dia1 */;
			targetProxy = 03B0AB142DA0B33500EB7F87 /* PBXContainerItemProxy */;
		};
		03B0AB1F2DA0B33500EB7F87 /* PBXTargetDependency */ = {
			isa = PBXTargetDependency;
			target = 03B0AAFF2DA0B33200EB7F87 /* Dia1 */;
			targetProxy = 03B0AB1E2DA0B33500EB7F87 /* PBXContainerItemProxy */;
		};
/* End PBXTargetDependency section */

/* Begin XCBuildConfiguration section */
		03B0AB252DA0B33500EB7F87 /* Debug */ = {
			isa = XCBuildConfiguration;
			buildSettings = {
				ALWAYS_SEARCH_USER_PATHS = NO;
				ASSETCATALOG_COMPILER_GENERATE_SWIFT_ASSET_SYMBOL_EXTENSIONS = YES;
				CLANG_ANALYZER_NONNULL = YES;
				CLANG_ANALYZER_NUMBER_OBJECT_CONVERSION = YES_AGGRESSIVE;
				CLANG_CXX_LANGUAGE_STANDARD = "gnu++20";
				CLANG_ENABLE_MODULES = YES;
				CLANG_ENABLE_OBJC_ARC = YES;
				CLANG_ENABLE_OBJC_WEAK = YES;
				CLANG_WARN_BLOCK_CAPTURE_AUTORELEASING = YES;
				CLANG_WARN_BOOL_CONVERSION = YES;
				CLANG_WARN_COMMA = YES;
				CLANG_WARN_CONSTANT_CONVERSION = YES;
				CLANG_WARN_DEPRECATED_OBJC_IMPLEMENTATIONS = YES;
				CLANG_WARN_DIRECT_OBJC_ISA_USAGE = YES_ERROR;
				CLANG_WARN_DOCUMENTATION_COMMENTS = YES;
				CLANG_WARN_EMPTY_BODY = YES;
				CLANG_WARN_ENUM_CONVERSION = YES;
				CLANG_WARN_INFINITE_RECURSION = YES;
				CLANG_WARN_INT_CONVERSION = YES;
				CLANG_WARN_NON_LITERAL_NULL_CONVERSION = YES;
				CLANG_WARN_OBJC_IMPLICIT_RETAIN_SELF = YES;
				CLANG_WARN_OBJC_LITERAL_CONVERSION = YES;
				CLANG_WARN_OBJC_ROOT_CLASS = YES_ERROR;
				CLANG_WARN_QUOTED_INCLUDE_IN_FRAMEWORK_HEADER = YES;
				CLANG_WARN_RANGE_LOOP_ANALYSIS = YES;
				CLANG_WARN_STRICT_PROTOTYPES = YES;
				CLANG_WARN_SUSPICIOUS_MOVE = YES;
				CLANG_WARN_UNGUARDED_AVAILABILITY = YES_AGGRESSIVE;
				CLANG_WARN_UNREACHABLE_CODE = YES;
				CLANG_WARN__DUPLICATE_METHOD_MATCH = YES;
				COPY_PHASE_STRIP = NO;
				DEBUG_INFORMATION_FORMAT = dwarf;
				ENABLE_STRICT_OBJC_MSGSEND = YES;
				ENABLE_TESTABILITY = YES;
				ENABLE_USER_SCRIPT_SANDBOXING = YES;
				GCC_C_LANGUAGE_STANDARD = gnu17;
				GCC_DYNAMIC_NO_PIC = NO;
				GCC_NO_COMMON_BLOCKS = YES;
				GCC_OPTIMIZATION_LEVEL = 0;
				GCC_PREPROCESSOR_DEFINITIONS = (
					"DEBUG=1",
					"$(inherited)",
				);
				GCC_WARN_64_TO_32_BIT_CONVERSION = YES;
				GCC_WARN_ABOUT_RETURN_TYPE = YES_ERROR;
				GCC_WARN_UNDECLARED_SELECTOR = YES;
				GCC_WARN_UNINITIALIZED_AUTOS = YES_AGGRESSIVE;
				GCC_WARN_UNUSED_FUNCTION = YES;
				GCC_WARN_UNUSED_VARIABLE = YES;
				IPHONEOS_DEPLOYMENT_TARGET = 17.5;
				LOCALIZATION_PREFERS_STRING_CATALOGS = YES;
				MTL_ENABLE_DEBUG_INFO = INCLUDE_SOURCE;
				MTL_FAST_MATH = YES;
				ONLY_ACTIVE_ARCH = YES;
				SDKROOT = iphoneos;
				SWIFT_ACTIVE_COMPILATION_CONDITIONS = "DEBUG $(inherited)";
				SWIFT_OPTIMIZATION_LEVEL = "-Onone";
			};
			name = Debug;
		};
		03B0AB262DA0B33500EB7F87 /* Release */ = {
			isa = XCBuildConfiguration;
			buildSettings = {
				ALWAYS_SEARCH_USER_PATHS = NO;
				ASSETCATALOG_COMPILER_GENERATE_SWIFT_ASSET_SYMBOL_EXTENSIONS = YES;
				CLANG_ANALYZER_NONNULL = YES;
				CLANG_ANALYZER_NUMBER_OBJECT_CONVERSION = YES_AGGRESSIVE;
				CLANG_CXX_LANGUAGE_STANDARD = "gnu++20";
				CLANG_ENABLE_MODULES = YES;
				CLANG_ENABLE_OBJC_ARC = YES;
				CLANG_ENABLE_OBJC_WEAK = YES;
				CLANG_WARN_BLOCK_CAPTURE_AUTORELEASING = YES;
				CLANG_WARN_BOOL_CONVERSION = YES;
				CLANG_WARN_COMMA = YES;
				CLANG_WARN_CONSTANT_CONVERSION = YES;
				CLANG_WARN_DEPRECATED_OBJC_IMPLEMENTATIONS = YES;
				CLANG_WARN_DIRECT_OBJC_ISA_USAGE = YES_ERROR;
				CLANG_WARN_DOCUMENTATION_COMMENTS = YES;
				CLANG_WARN_EMPTY_BODY = YES;
				CLANG_WARN_ENUM_CONVERSION = YES;
				CLANG_WARN_INFINITE_RECURSION = YES;
				CLANG_WARN_INT_CONVERSION = YES;
				CLANG_WARN_NON_LITERAL_NULL_CONVERSION = YES;
				CLANG_WARN_OBJC_IMPLICIT_RETAIN_SELF = YES;
				CLANG_WARN_OBJC_LITERAL_CONVERSION = YES;
				CLANG_WARN_OBJC_ROOT_CLASS = YES_ERROR;
				CLANG_WARN_QUOTED_INCLUDE_IN_FRAMEWORK_HEADER = YES;
				CLANG_WARN_RANGE_LOOP_ANALYSIS = YES;
				CLANG_WARN_STRICT_PROTOTYPES = YES;
				CLANG_WARN_SUSPICIOUS_MOVE = YES;
				CLANG_WARN_UNGUARDED_AVAILABILITY = YES_AGGRESSIVE;
				CLANG_WARN_UNREACHABLE_CODE = YES;
				CLANG_WARN__DUPLICATE_METHOD_MATCH = YES;
				COPY_PHASE_STRIP = NO;
				DEBUG_INFORMATION_FORMAT = "dwarf-with-dsym";
				ENABLE_NS_ASSERTIONS = NO;
				ENABLE_STRICT_OBJC_MSGSEND = YES;
				ENABLE_USER_SCRIPT_SANDBOXING = YES;
				GCC_C_LANGUAGE_STANDARD = gnu17;
				GCC_NO_COMMON_BLOCKS = YES;
				GCC_WARN_64_TO_32_BIT_CONVERSION = YES;
				GCC_WARN_ABOUT_RETURN_TYPE = YES_ERROR;
				GCC_WARN_UNDECLARED_SELECTOR = YES;
				GCC_WARN_UNINITIALIZED_AUTOS = YES_AGGRESSIVE;
				GCC_WARN_UNUSED_FUNCTION = YES;
				GCC_WARN_UNUSED_VARIABLE = YES;
				IPHONEOS_DEPLOYMENT_TARGET = 17.5;
				LOCALIZATION_PREFERS_STRING_CATALOGS = YES;
				MTL_ENABLE_DEBUG_INFO = NO;
				MTL_FAST_MATH = YES;
				SDKROOT = iphoneos;
				SWIFT_COMPILATION_MODE = wholemodule;
				VALIDATE_PRODUCT = YES;
			};
			name = Release;
		};
		03B0AB282DA0B33500EB7F87 /* Debug */ = {
			isa = XCBuildConfiguration;
			buildSettings = {
				ASSETCATALOG_COMPILER_APPICON_NAME = AppIcon;
				ASSETCATALOG_COMPILER_GLOBAL_ACCENT_COLOR_NAME = AccentColor;
				CODE_SIGN_STYLE = Automatic;
				CURRENT_PROJECT_VERSION = 1;
				DEVELOPMENT_ASSET_PATHS = "\"Dia1/Preview Content\"";
				ENABLE_PREVIEWS = YES;
				GENERATE_INFOPLIST_FILE = YES;
				INFOPLIST_FILE = Dia1/Info.plist;
				INFOPLIST_KEY_UIApplicationSceneManifest_Generation = YES;
				INFOPLIST_KEY_UIApplicationSupportsIndirectInputEvents = YES;
				INFOPLIST_KEY_UILaunchScreen_Generation = YES;
				INFOPLIST_KEY_UISupportedInterfaceOrientations_iPad = "UIInterfaceOrientationPortrait UIInterfaceOrientationPortraitUpsideDown UIInterfaceOrientationLandscapeLeft UIInterfaceOrientationLandscapeRight";
				INFOPLIST_KEY_UISupportedInterfaceOrientations_iPhone = "UIInterfaceOrientationPortrait UIInterfaceOrientationLandscapeLeft UIInterfaceOrientationLandscapeRight";
				INFOPLIST_KEY_UISupportsDocumentBrowser = YES;
				LD_RUNPATH_SEARCH_PATHS = (
					"$(inherited)",
					"@executable_path/Frameworks",
				);
				MARKETING_VERSION = 1.0;
				PRODUCT_BUNDLE_IDENTIFIER = "-.Dia1";
				PRODUCT_NAME = "$(TARGET_NAME)";
				SWIFT_EMIT_LOC_STRINGS = YES;
				SWIFT_VERSION = 5.0;
				TARGETED_DEVICE_FAMILY = "1,2";
			};
			name = Debug;
		};
		03B0AB292DA0B33500EB7F87 /* Release */ = {
			isa = XCBuildConfiguration;
			buildSettings = {
				ASSETCATALOG_COMPILER_APPICON_NAME = AppIcon;
				ASSETCATALOG_COMPILER_GLOBAL_ACCENT_COLOR_NAME = AccentColor;
				CODE_SIGN_STYLE = Automatic;
				CURRENT_PROJECT_VERSION = 1;
				DEVELOPMENT_ASSET_PATHS = "\"Dia1/Preview Content\"";
				ENABLE_PREVIEWS = YES;
				GENERATE_INFOPLIST_FILE = YES;
				INFOPLIST_FILE = Dia1/Info.plist;
				INFOPLIST_KEY_UIApplicationSceneManifest_Generation = YES;
				INFOPLIST_KEY_UIApplicationSupportsIndirectInputEvents = YES;
				INFOPLIST_KEY_UILaunchScreen_Generation = YES;
				INFOPLIST_KEY_UISupportedInterfaceOrientations_iPad = "UIInterfaceOrientationPortrait UIInterfaceOrientationPortraitUpsideDown UIInterfaceOrientationLandscapeLeft UIInterfaceOrientationLandscapeRight";
				INFOPLIST_KEY_UISupportedInterfaceOrientations_iPhone = "UIInterfaceOrientationPortrait UIInterfaceOrientationLandscapeLeft UIInterfaceOrientationLandscapeRight";
				INFOPLIST_KEY_UISupportsDocumentBrowser = YES;
				LD_RUNPATH_SEARCH_PATHS = (
					"$(inherited)",
					"@executable_path/Frameworks",
				);
				MARKETING_VERSION = 1.0;
				PRODUCT_BUNDLE_IDENTIFIER = "-.Dia1";
				PRODUCT_NAME = "$(TARGET_NAME)";
				SWIFT_EMIT_LOC_STRINGS = YES;
				SWIFT_VERSION = 5.0;
				TARGETED_DEVICE_FAMILY = "1,2";
			};
			name = Release;
		};
		03B0AB2B2DA0B33500EB7F87 /* Debug */ = {
			isa = XCBuildConfiguration;
			buildSettings = {
				ALWAYS_EMBED_SWIFT_STANDARD_LIBRARIES = YES;
				BUNDLE_LOADER = "$(TEST_HOST)";
				CODE_SIGN_STYLE = Automatic;
				CURRENT_PROJECT_VERSION = 1;
				GENERATE_INFOPLIST_FILE = YES;
				IPHONEOS_DEPLOYMENT_TARGET = 17.5;
				MARKETING_VERSION = 1.0;
				PRODUCT_BUNDLE_IDENTIFIER = "-.Dia1Tests";
				PRODUCT_NAME = "$(TARGET_NAME)";
				SWIFT_EMIT_LOC_STRINGS = NO;
				SWIFT_VERSION = 5.0;
				TARGETED_DEVICE_FAMILY = "1,2";
				TEST_HOST = "$(BUILT_PRODUCTS_DIR)/Dia1.app/$(BUNDLE_EXECUTABLE_FOLDER_PATH)/Dia1";
			};
			name = Debug;
		};
		03B0AB2C2DA0B33500EB7F87 /* Release */ = {
			isa = XCBuildConfiguration;
			buildSettings = {
				ALWAYS_EMBED_SWIFT_STANDARD_LIBRARIES = YES;
				BUNDLE_LOADER = "$(TEST_HOST)";
				CODE_SIGN_STYLE = Automatic;
				CURRENT_PROJECT_VERSION = 1;
				GENERATE_INFOPLIST_FILE = YES;
				IPHONEOS_DEPLOYMENT_TARGET = 17.5;
				MARKETING_VERSION = 1.0;
				PRODUCT_BUNDLE_IDENTIFIER = "-.Dia1Tests";
				PRODUCT_NAME = "$(TARGET_NAME)";
				SWIFT_EMIT_LOC_STRINGS = NO;
				SWIFT_VERSION = 5.0;
				TARGETED_DEVICE_FAMILY = "1,2";
				TEST_HOST = "$(BUILT_PRODUCTS_DIR)/Dia1.app/$(BUNDLE_EXECUTABLE_FOLDER_PATH)/Dia1";
			};
			name = Release;
		};
		03B0AB2E2DA0B33500EB7F87 /* Debug */ = {
			isa = XCBuildConfiguration;
			buildSettings = {
				ALWAYS_EMBED_SWIFT_STANDARD_LIBRARIES = YES;
				CODE_SIGN_STYLE = Automatic;
				CURRENT_PROJECT_VERSION = 1;
				GENERATE_INFOPLIST_FILE = YES;
				MARKETING_VERSION = 1.0;
				PRODUCT_BUNDLE_IDENTIFIER = "-.Dia1UITests";
				PRODUCT_NAME = "$(TARGET_NAME)";
				SWIFT_EMIT_LOC_STRINGS = NO;
				SWIFT_VERSION = 5.0;
				TARGETED_DEVICE_FAMILY = "1,2";
				TEST_TARGET_NAME = Dia1;
			};
			name = Debug;
		};
		03B0AB2F2DA0B33500EB7F87 /* Release */ = {
			isa = XCBuildConfiguration;
			buildSettings = {
				ALWAYS_EMBED_SWIFT_STANDARD_LIBRARIES = YES;
				CODE_SIGN_STYLE = Automatic;
				CURRENT_PROJECT_VERSION = 1;
				GENERATE_INFOPLIST_FILE = YES;
				MARKETING_VERSION = 1.0;
				PRODUCT_BUNDLE_IDENTIFIER = "-.Dia1UITests";
				PRODUCT_NAME = "$(TARGET_NAME)";
				SWIFT_EMIT_LOC_STRINGS = NO;
				SWIFT_VERSION = 5.0;
				TARGETED_DEVICE_FAMILY = "1,2";
				TEST_TARGET_NAME = Dia1;
			};
			name = Release;
		};
/* End XCBuildConfiguration section */

/* Begin XCConfigurationList section */
		03B0AAFB2DA0B33200EB7F87 /* Build configuration list for PBXProject "Dia1" */ = {
			isa = XCConfigurationList;
			buildConfigurations = (
				03B0AB252DA0B33500EB7F87 /* Debug */,
				03B0AB262DA0B33500EB7F87 /* Release */,
			);
			defaultConfigurationIsVisible = 0;
			defaultConfigurationName = Release;
		};
		03B0AB272DA0B33500EB7F87 /* Build configuration list for PBXNativeTarget "Dia1" */ = {
			isa = XCConfigurationList;
			buildConfigurations = (
				03B0AB282DA0B33500EB7F87 /* Debug */,
				03B0AB292DA0B33500EB7F87 /* Release */,
			);
			defaultConfigurationIsVisible = 0;
			defaultConfigurationName = Release;
		};
		03B0AB2A2DA0B33500EB7F87 /* Build configuration list for PBXNativeTarget "Dia1Tests" */ = {
			isa = XCConfigurationList;
			buildConfigurations = (
				03B0AB2B2DA0B33500EB7F87 /* Debug */,
				03B0AB2C2DA0B33500EB7F87 /* Release */,
			);
			defaultConfigurationIsVisible = 0;
			defaultConfigurationName = Release;
		};
		03B0AB2D2DA0B33500EB7F87 /* Build configuration list for PBXNativeTarget "Dia1UITests" */ = {
			isa = XCConfigurationList;
			buildConfigurations = (
				03B0AB2E2DA0B33500EB7F87 /* Debug */,
				03B0AB2F2DA0B33500EB7F87 /* Release */,
			);
			defaultConfigurationIsVisible = 0;
			defaultConfigurationName = Release;
		};
/* End XCConfigurationList section */
	};
	rootObject = 03B0AAF82DA0B33200EB7F87 /* Project object */;
}
