// !$*UTF8*$!
{
	archiveVersion = 1;
	classes = {
	};
	objectVersion = 56;
	objects = {

/* Begin PBXBuildFile section */
		037F2E872DC18D4300D2DACF /* APIApp.swift in Sources */ = {isa = PBXBuildFile; fileRef = 037F2E862DC18D4300D2DACF /* APIApp.swift */; };
		037F2E892DC18D4300D2DACF /* ContentView.swift in Sources */ = {isa = PBXBuildFile; fileRef = 037F2E882DC18D4300D2DACF /* ContentView.swift */; };
		037F2E8B2DC18D4500D2DACF /* Assets.xcassets in Resources */ = {isa = PBXBuildFile; fileRef = 037F2E8A2DC18D4500D2DACF /* Assets.xcassets */; };
		037F2E8E2DC18D4500D2DACF /* Preview Assets.xcassets in Resources */ = {isa = PBXBuildFile; fileRef = 037F2E8D2DC18D4500D2DACF /* Preview Assets.xcassets */; };
		037F2E982DC18D4500D2DACF /* APITests.swift in Sources */ = {isa = PBXBuildFile; fileRef = 037F2E972DC18D4500D2DACF /* APITests.swift */; };
		037F2EA22DC18D4500D2DACF /* APIUITests.swift in Sources */ = {isa = PBXBuildFile; fileRef = 037F2EA12DC18D4500D2DACF /* APIUITests.swift */; };
		037F2EA42DC18D4500D2DACF /* APIUITestsLaunchTests.swift in Sources */ = {isa = PBXBuildFile; fileRef = 037F2EA32DC18D4500D2DACF /* APIUITestsLaunchTests.swift */; };
		037F2EB12DC18EAC00D2DACF /* Model.swift in Sources */ = {isa = PBXBuildFile; fileRef = 037F2EB02DC18EAC00D2DACF /* Model.swift */; };
		037F2EB92DC1AB9400D2DACF /* viewModel.swift in Sources */ = {isa = PBXBuildFile; fileRef = 037F2EB82DC1AB9400D2DACF /* viewModel.swift */; };
/* End PBXBuildFile section */

/* Begin PBXContainerItemProxy section */
		037F2E942DC18D4500D2DACF /* PBXContainerItemProxy */ = {
			isa = PBXContainerItemProxy;
			containerPortal = 037F2E7B2DC18D4300D2DACF /* Project object */;
			proxyType = 1;
			remoteGlobalIDString = 037F2E822DC18D4300D2DACF;
			remoteInfo = API;
		};
		037F2E9E2DC18D4500D2DACF /* PBXContainerItemProxy */ = {
			isa = PBXContainerItemProxy;
			containerPortal = 037F2E7B2DC18D4300D2DACF /* Project object */;
			proxyType = 1;
			remoteGlobalIDString = 037F2E822DC18D4300D2DACF;
			remoteInfo = API;
		};
/* End PBXContainerItemProxy section */

/* Begin PBXFileReference section */
		037F2E832DC18D4300D2DACF /* API.app */ = {isa = PBXFileReference; explicitFileType = wrapper.application; includeInIndex = 0; path = API.app; sourceTree = BUILT_PRODUCTS_DIR; };
		037F2E862DC18D4300D2DACF /* APIApp.swift */ = {isa = PBXFileReference; lastKnownFileType = sourcecode.swift; path = APIApp.swift; sourceTree = "<group>"; };
		037F2E882DC18D4300D2DACF /* ContentView.swift */ = {isa = PBXFileReference; lastKnownFileType = sourcecode.swift; path = ContentView.swift; sourceTree = "<group>"; };
		037F2E8A2DC18D4500D2DACF /* Assets.xcassets */ = {isa = PBXFileReference; lastKnownFileType = folder.assetcatalog; path = Assets.xcassets; sourceTree = "<group>"; };
		037F2E8D2DC18D4500D2DACF /* Preview Assets.xcassets */ = {isa = PBXFileReference; lastKnownFileType = folder.assetcatalog; path = "Preview Assets.xcassets"; sourceTree = "<group>"; };
		037F2E932DC18D4500D2DACF /* APITests.xctest */ = {isa = PBXFileReference; explicitFileType = wrapper.cfbundle; includeInIndex = 0; path = APITests.xctest; sourceTree = BUILT_PRODUCTS_DIR; };
		037F2E972DC18D4500D2DACF /* APITests.swift */ = {isa = PBXFileReference; lastKnownFileType = sourcecode.swift; path = APITests.swift; sourceTree = "<group>"; };
		037F2E9D2DC18D4500D2DACF /* APIUITests.xctest */ = {isa = PBXFileReference; explicitFileType = wrapper.cfbundle; includeInIndex = 0; path = APIUITests.xctest; sourceTree = BUILT_PRODUCTS_DIR; };
		037F2EA12DC18D4500D2DACF /* APIUITests.swift */ = {isa = PBXFileReference; lastKnownFileType = sourcecode.swift; path = APIUITests.swift; sourceTree = "<group>"; };
		037F2EA32DC18D4500D2DACF /* APIUITestsLaunchTests.swift */ = {isa = PBXFileReference; lastKnownFileType = sourcecode.swift; path = APIUITestsLaunchTests.swift; sourceTree = "<group>"; };
		037F2EB02DC18EAC00D2DACF /* Model.swift */ = {isa = PBXFileReference; lastKnownFileType = sourcecode.swift; path = Model.swift; sourceTree = "<group>"; };
		037F2EB82DC1AB9400D2DACF /* viewModel.swift */ = {isa = PBXFileReference; lastKnownFileType = sourcecode.swift; path = viewModel.swift; sourceTree = "<group>"; };
/* End PBXFileReference section */

/* Begin PBXFrameworksBuildPhase section */
		037F2E802DC18D4300D2DACF /* Frameworks */ = {
			isa = PBXFrameworksBuildPhase;
			buildActionMask = 2147483647;
			files = (
			);
			runOnlyForDeploymentPostprocessing = 0;
		};
		037F2E902DC18D4500D2DACF /* Frameworks */ = {
			isa = PBXFrameworksBuildPhase;
			buildActionMask = 2147483647;
			files = (
			);
			runOnlyForDeploymentPostprocessing = 0;
		};
		037F2E9A2DC18D4500D2DACF /* Frameworks */ = {
			isa = PBXFrameworksBuildPhase;
			buildActionMask = 2147483647;
			files = (
			);
			runOnlyForDeploymentPostprocessing = 0;
		};
/* End PBXFrameworksBuildPhase section */

/* Begin PBXGroup section */
		037F2E7A2DC18D4300D2DACF = {
			isa = PBXGroup;
			children = (
				037F2E852DC18D4300D2DACF /* API */,
				037F2E962DC18D4500D2DACF /* APITests */,
				037F2EA02DC18D4500D2DACF /* APIUITests */,
				037F2E842DC18D4300D2DACF /* Products */,
			);
			sourceTree = "<group>";
		};
		037F2E842DC18D4300D2DACF /* Products */ = {
			isa = PBXGroup;
			children = (
				037F2E832DC18D4300D2DACF /* API.app */,
				037F2E932DC18D4500D2DACF /* APITests.xctest */,
				037F2E9D2DC18D4500D2DACF /* APIUITests.xctest */,
			);
			name = Products;
			sourceTree = "<group>";
		};
		037F2E852DC18D4300D2DACF /* API */ = {
			isa = PBXGroup;
			children = (
				037F2EB02DC18EAC00D2DACF /* Model.swift */,
				037F2EB82DC1AB9400D2DACF /* viewModel.swift */,
				037F2E862DC18D4300D2DACF /* APIApp.swift */,
				037F2E882DC18D4300D2DACF /* ContentView.swift */,
				037F2E8A2DC18D4500D2DACF /* Assets.xcassets */,
				037F2E8C2DC18D4500D2DACF /* Preview Content */,
			);
			path = API;
			sourceTree = "<group>";
		};
		037F2E8C2DC18D4500D2DACF /* Preview Content */ = {
			isa = PBXGroup;
			children = (
				037F2E8D2DC18D4500D2DACF /* Preview Assets.xcassets */,
			);
			path = "Preview Content";
			sourceTree = "<group>";
		};
		037F2E962DC18D4500D2DACF /* APITests */ = {
			isa = PBXGroup;
			children = (
				037F2E972DC18D4500D2DACF /* APITests.swift */,
			);
			path = APITests;
			sourceTree = "<group>";
		};
		037F2EA02DC18D4500D2DACF /* APIUITests */ = {
			isa = PBXGroup;
			children = (
				037F2EA12DC18D4500D2DACF /* APIUITests.swift */,
				037F2EA32DC18D4500D2DACF /* APIUITestsLaunchTests.swift */,
			);
			path = APIUITests;
			sourceTree = "<group>";
		};
/* End PBXGroup section */

/* Begin PBXNativeTarget section */
		037F2E822DC18D4300D2DACF /* API */ = {
			isa = PBXNativeTarget;
			buildConfigurationList = 037F2EA72DC18D4500D2DACF /* Build configuration list for PBXNativeTarget "API" */;
			buildPhases = (
				037F2E7F2DC18D4300D2DACF /* Sources */,
				037F2E802DC18D4300D2DACF /* Frameworks */,
				037F2E812DC18D4300D2DACF /* Resources */,
			);
			buildRules = (
			);
			dependencies = (
			);
			name = API;
			productName = API;
			productReference = 037F2E832DC18D4300D2DACF /* API.app */;
			productType = "com.apple.product-type.application";
		};
		037F2E922DC18D4500D2DACF /* APITests */ = {
			isa = PBXNativeTarget;
			buildConfigurationList = 037F2EAA2DC18D4500D2DACF /* Build configuration list for PBXNativeTarget "APITests" */;
			buildPhases = (
				037F2E8F2DC18D4500D2DACF /* Sources */,
				037F2E902DC18D4500D2DACF /* Frameworks */,
				037F2E912DC18D4500D2DACF /* Resources */,
			);
			buildRules = (
			);
			dependencies = (
				037F2E952DC18D4500D2DACF /* PBXTargetDependency */,
			);
			name = APITests;
			productName = APITests;
			productReference = 037F2E932DC18D4500D2DACF /* APITests.xctest */;
			productType = "com.apple.product-type.bundle.unit-test";
		};
		037F2E9C2DC18D4500D2DACF /* APIUITests */ = {
			isa = PBXNativeTarget;
			buildConfigurationList = 037F2EAD2DC18D4500D2DACF /* Build configuration list for PBXNativeTarget "APIUITests" */;
			buildPhases = (
				037F2E992DC18D4500D2DACF /* Sources */,
				037F2E9A2DC18D4500D2DACF /* Frameworks */,
				037F2E9B2DC18D4500D2DACF /* Resources */,
			);
			buildRules = (
			);
			dependencies = (
				037F2E9F2DC18D4500D2DACF /* PBXTargetDependency */,
			);
			name = APIUITests;
			productName = APIUITests;
			productReference = 037F2E9D2DC18D4500D2DACF /* APIUITests.xctest */;
			productType = "com.apple.product-type.bundle.ui-testing";
		};
/* End PBXNativeTarget section */

/* Begin PBXProject section */
		037F2E7B2DC18D4300D2DACF /* Project object */ = {
			isa = PBXProject;
			attributes = {
				BuildIndependentTargetsInParallel = 1;
				LastSwiftUpdateCheck = 1540;
				LastUpgradeCheck = 1540;
				TargetAttributes = {
					037F2E822DC18D4300D2DACF = {
						CreatedOnToolsVersion = 15.4;
					};
					037F2E922DC18D4500D2DACF = {
						CreatedOnToolsVersion = 15.4;
						TestTargetID = 037F2E822DC18D4300D2DACF;
					};
					037F2E9C2DC18D4500D2DACF = {
						CreatedOnToolsVersion = 15.4;
						TestTargetID = 037F2E822DC18D4300D2DACF;
					};
				};
			};
			buildConfigurationList = 037F2E7E2DC18D4300D2DACF /* Build configuration list for PBXProject "API" */;
			compatibilityVersion = "Xcode 14.0";
			developmentRegion = en;
			hasScannedForEncodings = 0;
			knownRegions = (
				en,
				Base,
			);
			mainGroup = 037F2E7A2DC18D4300D2DACF;
			productRefGroup = 037F2E842DC18D4300D2DACF /* Products */;
			projectDirPath = "";
			projectRoot = "";
			targets = (
				037F2E822DC18D4300D2DACF /* API */,
				037F2E922DC18D4500D2DACF /* APITests */,
				037F2E9C2DC18D4500D2DACF /* APIUITests */,
			);
		};
/* End PBXProject section */

/* Begin PBXResourcesBuildPhase section */
		037F2E812DC18D4300D2DACF /* Resources */ = {
			isa = PBXResourcesBuildPhase;
			buildActionMask = 2147483647;
			files = (
				037F2E8E2DC18D4500D2DACF /* Preview Assets.xcassets in Resources */,
				037F2E8B2DC18D4500D2DACF /* Assets.xcassets in Resources */,
			);
			runOnlyForDeploymentPostprocessing = 0;
		};
		037F2E912DC18D4500D2DACF /* Resources */ = {
			isa = PBXResourcesBuildPhase;
			buildActionMask = 2147483647;
			files = (
			);
			runOnlyForDeploymentPostprocessing = 0;
		};
		037F2E9B2DC18D4500D2DACF /* Resources */ = {
			isa = PBXResourcesBuildPhase;
			buildActionMask = 2147483647;
			files = (
			);
			runOnlyForDeploymentPostprocessing = 0;
		};
/* End PBXResourcesBuildPhase section */

/* Begin PBXSourcesBuildPhase section */
		037F2E7F2DC18D4300D2DACF /* Sources */ = {
			isa = PBXSourcesBuildPhase;
			buildActionMask = 2147483647;
			files = (
				037F2EB12DC18EAC00D2DACF /* Model.swift in Sources */,
				037F2E892DC18D4300D2DACF /* ContentView.swift in Sources */,
				037F2EB92DC1AB9400D2DACF /* viewModel.swift in Sources */,
				037F2E872DC18D4300D2DACF /* APIApp.swift in Sources */,
			);
			runOnlyForDeploymentPostprocessing = 0;
		};
		037F2E8F2DC18D4500D2DACF /* Sources */ = {
			isa = PBXSourcesBuildPhase;
			buildActionMask = 2147483647;
			files = (
				037F2E982DC18D4500D2DACF /* APITests.swift in Sources */,
			);
			runOnlyForDeploymentPostprocessing = 0;
		};
		037F2E992DC18D4500D2DACF /* Sources */ = {
			isa = PBXSourcesBuildPhase;
			buildActionMask = 2147483647;
			files = (
				037F2EA22DC18D4500D2DACF /* APIUITests.swift in Sources */,
				037F2EA42DC18D4500D2DACF /* APIUITestsLaunchTests.swift in Sources */,
			);
			runOnlyForDeploymentPostprocessing = 0;
		};
/* End PBXSourcesBuildPhase section */

/* Begin PBXTargetDependency section */
		037F2E952DC18D4500D2DACF /* PBXTargetDependency */ = {
			isa = PBXTargetDependency;
			target = 037F2E822DC18D4300D2DACF /* API */;
			targetProxy = 037F2E942DC18D4500D2DACF /* PBXContainerItemProxy */;
		};
		037F2E9F2DC18D4500D2DACF /* PBXTargetDependency */ = {
			isa = PBXTargetDependency;
			target = 037F2E822DC18D4300D2DACF /* API */;
			targetProxy = 037F2E9E2DC18D4500D2DACF /* PBXContainerItemProxy */;
		};
/* End PBXTargetDependency section */

/* Begin XCBuildConfiguration section */
		037F2EA52DC18D4500D2DACF /* Debug */ = {
			isa = XCBuildConfiguration;
			buildSettings = {
				ALWAYS_SEARCH_USER_PATHS = NO;
				ASSETCATALOG_COMPILER_GENERATE_SWIFT_ASSET_SYMBOL_EXTENSIONS = YES;
				CLANG_ANALYZER_NONNULL = YES;
				CLANG_ANALYZER_NUMBER_OBJECT_CONVERSION = YES_AGGRESSIVE;
				CLANG_CXX_LANGUAGE_STANDARD = "gnu++20";
				CLANG_ENABLE_MODULES = YES;
				CLANG_ENABLE_OBJC_ARC = YES;
				CLANG_ENABLE_OBJC_WEAK = YES;
				CLANG_WARN_BLOCK_CAPTURE_AUTORELEASING = YES;
				CLANG_WARN_BOOL_CONVERSION = YES;
				CLANG_WARN_COMMA = YES;
				CLANG_WARN_CONSTANT_CONVERSION = YES;
				CLANG_WARN_DEPRECATED_OBJC_IMPLEMENTATIONS = YES;
				CLANG_WARN_DIRECT_OBJC_ISA_USAGE = YES_ERROR;
				CLANG_WARN_DOCUMENTATION_COMMENTS = YES;
				CLANG_WARN_EMPTY_BODY = YES;
				CLANG_WARN_ENUM_CONVERSION = YES;
				CLANG_WARN_INFINITE_RECURSION = YES;
				CLANG_WARN_INT_CONVERSION = YES;
				CLANG_WARN_NON_LITERAL_NULL_CONVERSION = YES;
				CLANG_WARN_OBJC_IMPLICIT_RETAIN_SELF = YES;
				CLANG_WARN_OBJC_LITERAL_CONVERSION = YES;
				CLANG_WARN_OBJC_ROOT_CLASS = YES_ERROR;
				CLANG_WARN_QUOTED_INCLUDE_IN_FRAMEWORK_HEADER = YES;
				CLANG_WARN_RANGE_LOOP_ANALYSIS = YES;
				CLANG_WARN_STRICT_PROTOTYPES = YES;
				CLANG_WARN_SUSPICIOUS_MOVE = YES;
				CLANG_WARN_UNGUARDED_AVAILABILITY = YES_AGGRESSIVE;
				CLANG_WARN_UNREACHABLE_CODE = YES;
				CLANG_WARN__DUPLICATE_METHOD_MATCH = YES;
				COPY_PHASE_STRIP = NO;
				DEBUG_INFORMATION_FORMAT = dwarf;
				ENABLE_STRICT_OBJC_MSGSEND = YES;
				ENABLE_TESTABILITY = YES;
				ENABLE_USER_SCRIPT_SANDBOXING = YES;
				GCC_C_LANGUAGE_STANDARD = gnu17;
				GCC_DYNAMIC_NO_PIC = NO;
				GCC_NO_COMMON_BLOCKS = YES;
				GCC_OPTIMIZATION_LEVEL = 0;
				GCC_PREPROCESSOR_DEFINITIONS = (
					"DEBUG=1",
					"$(inherited)",
				);
				GCC_WARN_64_TO_32_BIT_CONVERSION = YES;
				GCC_WARN_ABOUT_RETURN_TYPE = YES_ERROR;
				GCC_WARN_UNDECLARED_SELECTOR = YES;
				GCC_WARN_UNINITIALIZED_AUTOS = YES_AGGRESSIVE;
				GCC_WARN_UNUSED_FUNCTION = YES;
				GCC_WARN_UNUSED_VARIABLE = YES;
				IPHONEOS_DEPLOYMENT_TARGET = 17.5;
				LOCALIZATION_PREFERS_STRING_CATALOGS = YES;
				MTL_ENABLE_DEBUG_INFO = INCLUDE_SOURCE;
				MTL_FAST_MATH = YES;
				ONLY_ACTIVE_ARCH = YES;
				SDKROOT = iphoneos;
				SWIFT_ACTIVE_COMPILATION_CONDITIONS = "DEBUG $(inherited)";
				SWIFT_OPTIMIZATION_LEVEL = "-Onone";
			};
			name = Debug;
		};
		037F2EA62DC18D4500D2DACF /* Release */ = {
			isa = XCBuildConfiguration;
			buildSettings = {
				ALWAYS_SEARCH_USER_PATHS = NO;
				ASSETCATALOG_COMPILER_GENERATE_SWIFT_ASSET_SYMBOL_EXTENSIONS = YES;
				CLANG_ANALYZER_NONNULL = YES;
				CLANG_ANALYZER_NUMBER_OBJECT_CONVERSION = YES_AGGRESSIVE;
				CLANG_CXX_LANGUAGE_STANDARD = "gnu++20";
				CLANG_ENABLE_MODULES = YES;
				CLANG_ENABLE_OBJC_ARC = YES;
				CLANG_ENABLE_OBJC_WEAK = YES;
				CLANG_WARN_BLOCK_CAPTURE_AUTORELEASING = YES;
				CLANG_WARN_BOOL_CONVERSION = YES;
				CLANG_WARN_COMMA = YES;
				CLANG_WARN_CONSTANT_CONVERSION = YES;
				CLANG_WARN_DEPRECATED_OBJC_IMPLEMENTATIONS = YES;
				CLANG_WARN_DIRECT_OBJC_ISA_USAGE = YES_ERROR;
				CLANG_WARN_DOCUMENTATION_COMMENTS = YES;
				CLANG_WARN_EMPTY_BODY = YES;
				CLANG_WARN_ENUM_CONVERSION = YES;
				CLANG_WARN_INFINITE_RECURSION = YES;
				CLANG_WARN_INT_CONVERSION = YES;
				CLANG_WARN_NON_LITERAL_NULL_CONVERSION = YES;
				CLANG_WARN_OBJC_IMPLICIT_RETAIN_SELF = YES;
				CLANG_WARN_OBJC_LITERAL_CONVERSION = YES;
				CLANG_WARN_OBJC_ROOT_CLASS = YES_ERROR;
				CLANG_WARN_QUOTED_INCLUDE_IN_FRAMEWORK_HEADER = YES;
				CLANG_WARN_RANGE_LOOP_ANALYSIS = YES;
				CLANG_WARN_STRICT_PROTOTYPES = YES;
				CLANG_WARN_SUSPICIOUS_MOVE = YES;
				CLANG_WARN_UNGUARDED_AVAILABILITY = YES_AGGRESSIVE;
				CLANG_WARN_UNREACHABLE_CODE = YES;
				CLANG_WARN__DUPLICATE_METHOD_MATCH = YES;
				COPY_PHASE_STRIP = NO;
				DEBUG_INFORMATION_FORMAT = "dwarf-with-dsym";
				ENABLE_NS_ASSERTIONS = NO;
				ENABLE_STRICT_OBJC_MSGSEND = YES;
				ENABLE_USER_SCRIPT_SANDBOXING = YES;
				GCC_C_LANGUAGE_STANDARD = gnu17;
				GCC_NO_COMMON_BLOCKS = YES;
				GCC_WARN_64_TO_32_BIT_CONVERSION = YES;
				GCC_WARN_ABOUT_RETURN_TYPE = YES_ERROR;
				GCC_WARN_UNDECLARED_SELECTOR = YES;
				GCC_WARN_UNINITIALIZED_AUTOS = YES_AGGRESSIVE;
				GCC_WARN_UNUSED_FUNCTION = YES;
				GCC_WARN_UNUSED_VARIABLE = YES;
				IPHONEOS_DEPLOYMENT_TARGET = 17.5;
				LOCALIZATION_PREFERS_STRING_CATALOGS = YES;
				MTL_ENABLE_DEBUG_INFO = NO;
				MTL_FAST_MATH = YES;
				SDKROOT = iphoneos;
				SWIFT_COMPILATION_MODE = wholemodule;
				VALIDATE_PRODUCT = YES;
			};
			name = Release;
		};
		037F2EA82DC18D4500D2DACF /* Debug */ = {
			isa = XCBuildConfiguration;
			buildSettings = {
				ASSETCATALOG_COMPILER_APPICON_NAME = AppIcon;
				ASSETCATALOG_COMPILER_GLOBAL_ACCENT_COLOR_NAME = AccentColor;
				CODE_SIGN_STYLE = Automatic;
				CURRENT_PROJECT_VERSION = 1;
				DEVELOPMENT_ASSET_PATHS = "\"API/Preview Content\"";
				ENABLE_PREVIEWS = YES;
				GENERATE_INFOPLIST_FILE = YES;
				INFOPLIST_KEY_UIApplicationSceneManifest_Generation = YES;
				INFOPLIST_KEY_UIApplicationSupportsIndirectInputEvents = YES;
				INFOPLIST_KEY_UILaunchScreen_Generation = YES;
				INFOPLIST_KEY_UISupportedInterfaceOrientations_iPad = "UIInterfaceOrientationPortrait UIInterfaceOrientationPortraitUpsideDown UIInterfaceOrientationLandscapeLeft UIInterfaceOrientationLandscapeRight";
				INFOPLIST_KEY_UISupportedInterfaceOrientations_iPhone = "UIInterfaceOrientationPortrait UIInterfaceOrientationLandscapeLeft UIInterfaceOrientationLandscapeRight";
				LD_RUNPATH_SEARCH_PATHS = (
					"$(inherited)",
					"@executable_path/Frameworks",
				);
				MARKETING_VERSION = 1.0;
				PRODUCT_BUNDLE_IDENTIFIER = "-.API";
				PRODUCT_NAME = "$(TARGET_NAME)";
				SWIFT_EMIT_LOC_STRINGS = YES;
				SWIFT_VERSION = 5.0;
				TARGETED_DEVICE_FAMILY = "1,2";
			};
			name = Debug;
		};
		037F2EA92DC18D4500D2DACF /* Release */ = {
			isa = XCBuildConfiguration;
			buildSettings = {
				ASSETCATALOG_COMPILER_APPICON_NAME = AppIcon;
				ASSETCATALOG_COMPILER_GLOBAL_ACCENT_COLOR_NAME = AccentColor;
				CODE_SIGN_STYLE = Automatic;
				CURRENT_PROJECT_VERSION = 1;
				DEVELOPMENT_ASSET_PATHS = "\"API/Preview Content\"";
				ENABLE_PREVIEWS = YES;
				GENERATE_INFOPLIST_FILE = YES;
				INFOPLIST_KEY_UIApplicationSceneManifest_Generation = YES;
				INFOPLIST_KEY_UIApplicationSupportsIndirectInputEvents = YES;
				INFOPLIST_KEY_UILaunchScreen_Generation = YES;
				INFOPLIST_KEY_UISupportedInterfaceOrientations_iPad = "UIInterfaceOrientationPortrait UIInterfaceOrientationPortraitUpsideDown UIInterfaceOrientationLandscapeLeft UIInterfaceOrientationLandscapeRight";
				INFOPLIST_KEY_UISupportedInterfaceOrientations_iPhone = "UIInterfaceOrientationPortrait UIInterfaceOrientationLandscapeLeft UIInterfaceOrientationLandscapeRight";
				LD_RUNPATH_SEARCH_PATHS = (
					"$(inherited)",
					"@executable_path/Frameworks",
				);
				MARKETING_VERSION = 1.0;
				PRODUCT_BUNDLE_IDENTIFIER = "-.API";
				PRODUCT_NAME = "$(TARGET_NAME)";
				SWIFT_EMIT_LOC_STRINGS = YES;
				SWIFT_VERSION = 5.0;
				TARGETED_DEVICE_FAMILY = "1,2";
			};
			name = Release;
		};
		037F2EAB2DC18D4500D2DACF /* Debug */ = {
			isa = XCBuildConfiguration;
			buildSettings = {
				ALWAYS_EMBED_SWIFT_STANDARD_LIBRARIES = YES;
				BUNDLE_LOADER = "$(TEST_HOST)";
				CODE_SIGN_STYLE = Automatic;
				CURRENT_PROJECT_VERSION = 1;
				GENERATE_INFOPLIST_FILE = YES;
				IPHONEOS_DEPLOYMENT_TARGET = 17.5;
				MARKETING_VERSION = 1.0;
				PRODUCT_BUNDLE_IDENTIFIER = "-.APITests";
				PRODUCT_NAME = "$(TARGET_NAME)";
				SWIFT_EMIT_LOC_STRINGS = NO;
				SWIFT_VERSION = 5.0;
				TARGETED_DEVICE_FAMILY = "1,2";
				TEST_HOST = "$(BUILT_PRODUCTS_DIR)/API.app/$(BUNDLE_EXECUTABLE_FOLDER_PATH)/API";
			};
			name = Debug;
		};
		037F2EAC2DC18D4500D2DACF /* Release */ = {
			isa = XCBuildConfiguration;
			buildSettings = {
				ALWAYS_EMBED_SWIFT_STANDARD_LIBRARIES = YES;
				BUNDLE_LOADER = "$(TEST_HOST)";
				CODE_SIGN_STYLE = Automatic;
				CURRENT_PROJECT_VERSION = 1;
				GENERATE_INFOPLIST_FILE = YES;
				IPHONEOS_DEPLOYMENT_TARGET = 17.5;
				MARKETING_VERSION = 1.0;
				PRODUCT_BUNDLE_IDENTIFIER = "-.APITests";
				PRODUCT_NAME = "$(TARGET_NAME)";
				SWIFT_EMIT_LOC_STRINGS = NO;
				SWIFT_VERSION = 5.0;
				TARGETED_DEVICE_FAMILY = "1,2";
				TEST_HOST = "$(BUILT_PRODUCTS_DIR)/API.app/$(BUNDLE_EXECUTABLE_FOLDER_PATH)/API";
			};
			name = Release;
		};
		037F2EAE2DC18D4500D2DACF /* Debug */ = {
			isa = XCBuildConfiguration;
			buildSettings = {
				ALWAYS_EMBED_SWIFT_STANDARD_LIBRARIES = YES;
				CODE_SIGN_STYLE = Automatic;
				CURRENT_PROJECT_VERSION = 1;
				GENERATE_INFOPLIST_FILE = YES;
				MARKETING_VERSION = 1.0;
				PRODUCT_BUNDLE_IDENTIFIER = "-.APIUITests";
				PRODUCT_NAME = "$(TARGET_NAME)";
				SWIFT_EMIT_LOC_STRINGS = NO;
				SWIFT_VERSION = 5.0;
				TARGETED_DEVICE_FAMILY = "1,2";
				TEST_TARGET_NAME = API;
			};
			name = Debug;
		};
		037F2EAF2DC18D4500D2DACF /* Release */ = {
			isa = XCBuildConfiguration;
			buildSettings = {
				ALWAYS_EMBED_SWIFT_STANDARD_LIBRARIES = YES;
				CODE_SIGN_STYLE = Automatic;
				CURRENT_PROJECT_VERSION = 1;
				GENERATE_INFOPLIST_FILE = YES;
				MARKETING_VERSION = 1.0;
				PRODUCT_BUNDLE_IDENTIFIER = "-.APIUITests";
				PRODUCT_NAME = "$(TARGET_NAME)";
				SWIFT_EMIT_LOC_STRINGS = NO;
				SWIFT_VERSION = 5.0;
				TARGETED_DEVICE_FAMILY = "1,2";
				TEST_TARGET_NAME = API;
			};
			name = Release;
		};
/* End XCBuildConfiguration section */

/* Begin XCConfigurationList section */
		037F2E7E2DC18D4300D2DACF /* Build configuration list for PBXProject "API" */ = {
			isa = XCConfigurationList;
			buildConfigurations = (
				037F2EA52DC18D4500D2DACF /* Debug */,
				037F2EA62DC18D4500D2DACF /* Release */,
			);
			defaultConfigurationIsVisible = 0;
			defaultConfigurationName = Release;
		};
		037F2EA72DC18D4500D2DACF /* Build configuration list for PBXNativeTarget "API" */ = {
			isa = XCConfigurationList;
			buildConfigurations = (
				037F2EA82DC18D4500D2DACF /* Debug */,
				037F2EA92DC18D4500D2DACF /* Release */,
			);
			defaultConfigurationIsVisible = 0;
			defaultConfigurationName = Release;
		};
		037F2EAA2DC18D4500D2DACF /* Build configuration list for PBXNativeTarget "APITests" */ = {
			isa = XCConfigurationList;
			buildConfigurations = (
				037F2EAB2DC18D4500D2DACF /* Debug */,
				037F2EAC2DC18D4500D2DACF /* Release */,
			);
			defaultConfigurationIsVisible = 0;
			defaultConfigurationName = Release;
		};
		037F2EAD2DC18D4500D2DACF /* Build configuration list for PBXNativeTarget "APIUITests" */ = {
			isa = XCConfigurationList;
			buildConfigurations = (
				037F2EAE2DC18D4500D2DACF /* Debug */,
				037F2EAF2DC18D4500D2DACF /* Release */,
			);
			defaultConfigurationIsVisible = 0;
			defaultConfigurationName = Release;
		};
/* End XCConfigurationList section */
	};
	rootObject = 037F2E7B2DC18D4300D2DACF /* Project object */;
}
